
Microsoft Visual Studio Solution File, Format Version 12.00
# Visual Studio Version 17
VisualStudioVersion = 17.0.31903.59
MinimumVisualStudioVersion = 10.0.40219.1
Project("{FAE04EC0-301F-11D3-BF4B-00C04F79EFBC}") = "Backend", "Backend\Backend.csproj", "{62339C7A-FB11-4AEF-B819-D307336C794A}"
EndProject
Global
	GlobalSection(SolutionConfigurationPlatforms) = preSolution
		Debug|Any CPU = Debug|Any CPU
		Release|Any CPU = Release|Any CPU
	EndGlobalSection
	GlobalSection(SolutionProperties) = preSolution
		HideSolutionNode = FALSE
	EndGlobalSection
	GlobalSection(ProjectConfigurationPlatforms) = postSolution
		{62339C7A-FB11-4AEF-B819-D307336C794A}.Debug|Any CPU.ActiveCfg = Debug|Any CPU
		{62339C7A-FB11-4AEF-B819-D307336C794A}.Debug|Any CPU.Build.0 = Debug|Any CPU
		{62339C7A-FB11-4AEF-B819-D307336C794A}.Release|Any CPU.ActiveCfg = Release|Any CPU
		{62339C7A-FB11-4AEF-B819-D307336C794A}.Release|Any CPU.Build.0 = Release|Any CPU
	EndGlobalSection
EndGlobal
